
Microsoft Visual Studio Solution File, Format Version 12.00
# Visual Studio 15
Project("{FAE04EC0-301F-11D3-BF4B-00C04F79EFBC}") = "UnityEngine.UI", "UnityEngine.UI.csproj", "{F3F57D0A-BFF2-8B05-7FF0-6CF7D5795A30}"
EndProject
Project("{FAE04EC0-301F-11D3-BF4B-00C04F79EFBC}") = "Assembly-CSharp", "Assembly-CSharp.csproj", "{15FA4D2F-303A-3464-D1E2-A4F41F7AEA0C}"
EndProject
Project("{FAE04EC0-301F-11D3-BF4B-00C04F79EFBC}") = "UnityEditor.UI", "UnityEditor.UI.csproj", "{B58B529F-7B34-B55E-710C-AFB1636AFB7D}"
EndProject
Project("{FAE04EC0-301F-11D3-BF4B-00C04F79EFBC}") = "UnityEngine.UI", "UnityEngine.UI.Player.csproj", "{80C1B8AF-2BB6-AFAF-6C24-2A537E6054B9}"
EndProject
Project("{FAE04EC0-301F-11D3-BF4B-00C04F79EFBC}") = "Assembly-CSharp", "Assembly-CSharp.Player.csproj", "{794DCE5F-9487-52E8-6BAB-1EB782C807FF}"
EndProject
Global
	GlobalSection(SolutionConfigurationPlatforms) = preSolution
		Debug|Any CPU = Debug|Any CPU
		Release|Any CPU = Release|Any CPU
	EndGlobalSection
	GlobalSection(ProjectConfigurationPlatforms) = postSolution
		{F3F57D0A-BFF2-8B05-7FF0-6CF7D5795A30}.Debug|Any CPU.ActiveCfg = Debug|Any CPU
		{F3F57D0A-BFF2-8B05-7FF0-6CF7D5795A30}.Debug|Any CPU.Build.0 = Debug|Any CPU
		{F3F57D0A-BFF2-8B05-7FF0-6CF7D5795A30}.Release|Any CPU.ActiveCfg = Release|Any CPU
		{F3F57D0A-BFF2-8B05-7FF0-6CF7D5795A30}.Release|Any CPU.Build.0 = Release|Any CPU
		{15FA4D2F-303A-3464-D1E2-A4F41F7AEA0C}.Debug|Any CPU.ActiveCfg = Debug|Any CPU
		{15FA4D2F-303A-3464-D1E2-A4F41F7AEA0C}.Debug|Any CPU.Build.0 = Debug|Any CPU
		{15FA4D2F-303A-3464-D1E2-A4F41F7AEA0C}.Release|Any CPU.ActiveCfg = Release|Any CPU
		{15FA4D2F-303A-3464-D1E2-A4F41F7AEA0C}.Release|Any CPU.Build.0 = Release|Any CPU
		{B58B529F-7B34-B55E-710C-AFB1636AFB7D}.Debug|Any CPU.ActiveCfg = Debug|Any CPU
		{B58B529F-7B34-B55E-710C-AFB1636AFB7D}.Debug|Any CPU.Build.0 = Debug|Any CPU
		{B58B529F-7B34-B55E-710C-AFB1636AFB7D}.Release|Any CPU.ActiveCfg = Release|Any CPU
		{B58B529F-7B34-B55E-710C-AFB1636AFB7D}.Release|Any CPU.Build.0 = Release|Any CPU
		{80C1B8AF-2BB6-AFAF-6C24-2A537E6054B9}.Debug|Any CPU.ActiveCfg = Debug|Any CPU
		{80C1B8AF-2BB6-AFAF-6C24-2A537E6054B9}.Debug|Any CPU.Build.0 = Debug|Any CPU
		{80C1B8AF-2BB6-AFAF-6C24-2A537E6054B9}.Release|Any CPU.ActiveCfg = Release|Any CPU
		{80C1B8AF-2BB6-AFAF-6C24-2A537E6054B9}.Release|Any CPU.Build.0 = Release|Any CPU
		{794DCE5F-9487-52E8-6BAB-1EB782C807FF}.Debug|Any CPU.ActiveCfg = Debug|Any CPU
		{794DCE5F-9487-52E8-6BAB-1EB782C807FF}.Debug|Any CPU.Build.0 = Debug|Any CPU
		{794DCE5F-9487-52E8-6BAB-1EB782C807FF}.Release|Any CPU.ActiveCfg = Release|Any CPU
		{794DCE5F-9487-52E8-6BAB-1EB782C807FF}.Release|Any CPU.Build.0 = Release|Any CPU
	EndGlobalSection
	GlobalSection(SolutionProperties) = preSolution
		HideSolutionNode = FALSE
	EndGlobalSection
EndGlobal
